{
  "name": "dtl",
  "version": "1.0.0",
  "lockfileVersion": 1,
  "requires": true,
  "dependencies": {
    "@types/google-apps-script": {
      "version": "1.0.16",
      "resolved": "https://registry.npmjs.org/@types/google-apps-script/-/google-apps-script-1.0.16.tgz",
      "integrity": "sha512-Ps1d8hYsq0eGDPuFv/Jz+aS0/ZlxxR6cnwRZR9GSS+BOhQPVfv+SFVQDJjSjfi7pDGyghTU8JfRqavMxBRgjJA=="
    }
  }
}
